// !$*UTF8*$!
{
	archiveVersion = 1;
	classes = {
	};
	objectVersion = 46;
	objects = {

/* Begin PBXAggregateTarget section */
		16146A4C18FC5A25008C0EE9 /* Framework */ = {
			isa = PBXAggregateTarget;
			buildConfigurationList = 16146A4D18FC5A25008C0EE9 /* Build configuration list for PBXAggregateTarget "Framework" */;
			buildPhases = (
				16146A5218FC5A36008C0EE9 /* Build Universal Framework */,
			);
			dependencies = (
				16146A5118FC5A31008C0EE9 /* PBXTargetDependency */,
			);
			name = Framework;
			productName = Framework;
		};
/* End PBXAggregateTarget section */

/* Begin PBXBuildFile section */
		16146A4818FC5997008C0EE9 /* ZCREasyBake.h in Headers */ = {isa = PBXBuildFile; fileRef = 16ADF0A118F5E2F900BF0852 /* ZCREasyBake.h */; settings = {ATTRIBUTES = (Public, ); }; };
		16146A4918FC5997008C0EE9 /* ZCREasyProperty.h in Headers */ = {isa = PBXBuildFile; fileRef = 16ADF0C918F5EB6500BF0852 /* ZCREasyProperty.h */; settings = {ATTRIBUTES = (Public, ); }; };
		16146A4A18FC5997008C0EE9 /* ZCREasyDough.h in Headers */ = {isa = PBXBuildFile; fileRef = 16ADF0C218F5E40D00BF0852 /* ZCREasyDough.h */; settings = {ATTRIBUTES = (Public, ); }; };
		166B6673191AA41200CAAB0E /* XCTest.framework in Frameworks */ = {isa = PBXBuildFile; fileRef = 16ADF0AA18F5E2F900BF0852 /* XCTest.framework */; };
		166B6674191AA41200CAAB0E /* Foundation.framework in Frameworks */ = {isa = PBXBuildFile; fileRef = 16ADF09C18F5E2F900BF0852 /* Foundation.framework */; };
		166B6675191AA41200CAAB0E /* UIKit.framework in Frameworks */ = {isa = PBXBuildFile; fileRef = 16ADF0AD18F5E2F900BF0852 /* UIKit.framework */; };
		166B667B191AA41200CAAB0E /* InfoPlist.strings in Resources */ = {isa = PBXBuildFile; fileRef = 166B6679191AA41200CAAB0E /* InfoPlist.strings */; };
		166B6682191AA45600CAAB0E /* ZCREasyPropertyTests.m in Sources */ = {isa = PBXBuildFile; fileRef = 16836DD018F8B32200FD86D5 /* ZCREasyPropertyTests.m */; };
		166B6683191AA45600CAAB0E /* ZCREasyRecipeTests.m in Sources */ = {isa = PBXBuildFile; fileRef = 74F6BD351909DADE0093F1F7 /* ZCREasyRecipeTests.m */; };
		166B6684191AA45600CAAB0E /* ZCREasyRecipeBoxTests.m in Sources */ = {isa = PBXBuildFile; fileRef = 74F6BD371909DAE80093F1F7 /* ZCREasyRecipeBoxTests.m */; };
		166B6685191AA45600CAAB0E /* ZCREasyDoughTests.m in Sources */ = {isa = PBXBuildFile; fileRef = 16836DD218F8B33300FD86D5 /* ZCREasyDoughTests.m */; };
		166B6686191AA45600CAAB0E /* ZCREasyDoughErrorTests.m in Sources */ = {isa = PBXBuildFile; fileRef = 74F6BD391909DAF40093F1F7 /* ZCREasyDoughErrorTests.m */; };
		166B6695191AA48C00CAAB0E /* XCTest.framework in Frameworks */ = {isa = PBXBuildFile; fileRef = 16ADF0AA18F5E2F900BF0852 /* XCTest.framework */; };
		166B669B191AA48C00CAAB0E /* InfoPlist.strings in Resources */ = {isa = PBXBuildFile; fileRef = 166B6699191AA48C00CAAB0E /* InfoPlist.strings */; };
		166B66A2191AA4BA00CAAB0E /* ZCREasyPropertyTests.m in Sources */ = {isa = PBXBuildFile; fileRef = 16836DD018F8B32200FD86D5 /* ZCREasyPropertyTests.m */; };
		166B66A3191AA4BA00CAAB0E /* ZCREasyRecipeTests.m in Sources */ = {isa = PBXBuildFile; fileRef = 74F6BD351909DADE0093F1F7 /* ZCREasyRecipeTests.m */; };
		166B66A4191AA4BA00CAAB0E /* ZCREasyRecipeBoxTests.m in Sources */ = {isa = PBXBuildFile; fileRef = 74F6BD371909DAE80093F1F7 /* ZCREasyRecipeBoxTests.m */; };
		166B66A5191AA4BA00CAAB0E /* ZCREasyDoughTests.m in Sources */ = {isa = PBXBuildFile; fileRef = 16836DD218F8B33300FD86D5 /* ZCREasyDoughTests.m */; };
		166B66A6191AA4BA00CAAB0E /* ZCREasyDoughErrorTests.m in Sources */ = {isa = PBXBuildFile; fileRef = 74F6BD391909DAF40093F1F7 /* ZCREasyDoughErrorTests.m */; };
		166B66AF191AA64E00CAAB0E /* ZCREasyError.m in Sources */ = {isa = PBXBuildFile; fileRef = 74F6BD32190985C20093F1F7 /* ZCREasyError.m */; };
		166B66B1191AA64E00CAAB0E /* ZCREasyProperty.m in Sources */ = {isa = PBXBuildFile; fileRef = 16ADF0CA18F5EB6500BF0852 /* ZCREasyProperty.m */; };
		166B66B3191AA64E00CAAB0E /* ZCREasyRecipe.m in Sources */ = {isa = PBXBuildFile; fileRef = 74F6BD2E1909781B0093F1F7 /* ZCREasyRecipe.m */; };
		166B66B5191AA64E00CAAB0E /* ZCREasyDough.m in Sources */ = {isa = PBXBuildFile; fileRef = 16ADF0C318F5E40D00BF0852 /* ZCREasyDough.m */; };
		166B66B8191AA66B00CAAB0E /* ZCREasyError.m in Sources */ = {isa = PBXBuildFile; fileRef = 74F6BD32190985C20093F1F7 /* ZCREasyError.m */; };
		166B66BA191AA66B00CAAB0E /* ZCREasyProperty.m in Sources */ = {isa = PBXBuildFile; fileRef = 16ADF0CA18F5EB6500BF0852 /* ZCREasyProperty.m */; };
		166B66BC191AA66B00CAAB0E /* ZCREasyRecipe.m in Sources */ = {isa = PBXBuildFile; fileRef = 74F6BD2E1909781B0093F1F7 /* ZCREasyRecipe.m */; };
		166B66BE191AA66B00CAAB0E /* ZCREasyDough.m in Sources */ = {isa = PBXBuildFile; fileRef = 16ADF0C318F5E40D00BF0852 /* ZCREasyDough.m */; };
		16ADF09D18F5E2F900BF0852 /* Foundation.framework in Frameworks */ = {isa = PBXBuildFile; fileRef = 16ADF09C18F5E2F900BF0852 /* Foundation.framework */; };
		16ADF0C418F5E40D00BF0852 /* ZCREasyDough.m in Sources */ = {isa = PBXBuildFile; fileRef = 16ADF0C318F5E40D00BF0852 /* ZCREasyDough.m */; };
		16ADF0CB18F5EB6500BF0852 /* ZCREasyProperty.m in Sources */ = {isa = PBXBuildFile; fileRef = 16ADF0CA18F5EB6500BF0852 /* ZCREasyProperty.m */; };
		74F6BD2F1909781B0093F1F7 /* ZCREasyRecipe.h in Headers */ = {isa = PBXBuildFile; fileRef = 74F6BD2D1909781B0093F1F7 /* ZCREasyRecipe.h */; settings = {ATTRIBUTES = (Public, ); }; };
		74F6BD301909781B0093F1F7 /* ZCREasyRecipe.m in Sources */ = {isa = PBXBuildFile; fileRef = 74F6BD2E1909781B0093F1F7 /* ZCREasyRecipe.m */; };
		74F6BD33190985C20093F1F7 /* ZCREasyError.h in Headers */ = {isa = PBXBuildFile; fileRef = 74F6BD31190985C20093F1F7 /* ZCREasyError.h */; settings = {ATTRIBUTES = (Public, ); }; };
		74F6BD34190985C20093F1F7 /* ZCREasyError.m in Sources */ = {isa = PBXBuildFile; fileRef = 74F6BD32190985C20093F1F7 /* ZCREasyError.m */; };
/* End PBXBuildFile section */

/* Begin PBXContainerItemProxy section */
		16146A5018FC5A31008C0EE9 /* PBXContainerItemProxy */ = {
			isa = PBXContainerItemProxy;
			containerPortal = 16ADF09118F5E2F700BF0852 /* Project object */;
			proxyType = 1;
			remoteGlobalIDString = 16ADF09818F5E2F700BF0852;
			remoteInfo = ZCREasyBake;
		};
/* End PBXContainerItemProxy section */

/* Begin PBXFileReference section */
		166B6672191AA41100CAAB0E /* ZCREasyBakeTests-iOS.xctest */ = {isa = PBXFileReference; explicitFileType = wrapper.cfbundle; includeInIndex = 0; path = "ZCREasyBakeTests-iOS.xctest"; sourceTree = BUILT_PRODUCTS_DIR; };
		166B6678191AA41200CAAB0E /* ZCREasyBakeTests-iOS-Info.plist */ = {isa = PBXFileReference; lastKnownFileType = text.plist.xml; path = "ZCREasyBakeTests-iOS-Info.plist"; sourceTree = "<group>"; };
		166B667A191AA41200CAAB0E /* en */ = {isa = PBXFileReference; lastKnownFileType = text.plist.strings; name = en; path = en.lproj/InfoPlist.strings; sourceTree = "<group>"; };
		166B6694191AA48C00CAAB0E /* ZCREasyBakeTests-OSX.xctest */ = {isa = PBXFileReference; explicitFileType = wrapper.cfbundle; includeInIndex = 0; path = "ZCREasyBakeTests-OSX.xctest"; sourceTree = BUILT_PRODUCTS_DIR; };
		166B6698191AA48C00CAAB0E /* ZCREasyBakeTests-OSX-Info.plist */ = {isa = PBXFileReference; lastKnownFileType = text.plist.xml; path = "ZCREasyBakeTests-OSX-Info.plist"; sourceTree = "<group>"; };
		166B669A191AA48C00CAAB0E /* en */ = {isa = PBXFileReference; lastKnownFileType = text.plist.strings; name = en; path = en.lproj/InfoPlist.strings; sourceTree = "<group>"; };
		16836DD018F8B32200FD86D5 /* ZCREasyPropertyTests.m */ = {isa = PBXFileReference; fileEncoding = 4; lastKnownFileType = sourcecode.c.objc; path = ZCREasyPropertyTests.m; sourceTree = "<group>"; };
		16836DD218F8B33300FD86D5 /* ZCREasyDoughTests.m */ = {isa = PBXFileReference; fileEncoding = 4; lastKnownFileType = sourcecode.c.objc; path = ZCREasyDoughTests.m; sourceTree = "<group>"; };
		16ADF09918F5E2F900BF0852 /* libZCREasyBake.a */ = {isa = PBXFileReference; explicitFileType = archive.ar; includeInIndex = 0; path = libZCREasyBake.a; sourceTree = BUILT_PRODUCTS_DIR; };
		16ADF09C18F5E2F900BF0852 /* Foundation.framework */ = {isa = PBXFileReference; lastKnownFileType = wrapper.framework; name = Foundation.framework; path = System/Library/Frameworks/Foundation.framework; sourceTree = SDKROOT; };
		16ADF0A118F5E2F900BF0852 /* ZCREasyBake.h */ = {isa = PBXFileReference; lastKnownFileType = sourcecode.c.h; path = ZCREasyBake.h; sourceTree = "<group>"; };
		16ADF0AA18F5E2F900BF0852 /* XCTest.framework */ = {isa = PBXFileReference; lastKnownFileType = wrapper.framework; name = XCTest.framework; path = Library/Frameworks/XCTest.framework; sourceTree = DEVELOPER_DIR; };
		16ADF0AD18F5E2F900BF0852 /* UIKit.framework */ = {isa = PBXFileReference; lastKnownFileType = wrapper.framework; name = UIKit.framework; path = Library/Frameworks/UIKit.framework; sourceTree = DEVELOPER_DIR; };
		16ADF0C218F5E40D00BF0852 /* ZCREasyDough.h */ = {isa = PBXFileReference; fileEncoding = 4; lastKnownFileType = sourcecode.c.h; path = ZCREasyDough.h; sourceTree = "<group>"; };
		16ADF0C318F5E40D00BF0852 /* ZCREasyDough.m */ = {isa = PBXFileReference; fileEncoding = 4; lastKnownFileType = sourcecode.c.objc; path = ZCREasyDough.m; sourceTree = "<group>"; };
		16ADF0C918F5EB6500BF0852 /* ZCREasyProperty.h */ = {isa = PBXFileReference; fileEncoding = 4; lastKnownFileType = sourcecode.c.h; path = ZCREasyProperty.h; sourceTree = "<group>"; };
		16ADF0CA18F5EB6500BF0852 /* ZCREasyProperty.m */ = {isa = PBXFileReference; fileEncoding = 4; lastKnownFileType = sourcecode.c.objc; path = ZCREasyProperty.m; sourceTree = "<group>"; };
		74B6FE5F18FDEE8A005D4A34 /* SenTestingKit.framework */ = {isa = PBXFileReference; lastKnownFileType = wrapper.framework; name = SenTestingKit.framework; path = Library/Frameworks/SenTestingKit.framework; sourceTree = DEVELOPER_DIR; };
		74B6FE7918FDF487005D4A34 /* SenTestingKit.framework */ = {isa = PBXFileReference; lastKnownFileType = wrapper.framework; name = SenTestingKit.framework; path = Library/Frameworks/SenTestingKit.framework; sourceTree = DEVELOPER_DIR; };
		74F6BD2D1909781B0093F1F7 /* ZCREasyRecipe.h */ = {isa = PBXFileReference; fileEncoding = 4; lastKnownFileType = sourcecode.c.h; path = ZCREasyRecipe.h; sourceTree = "<group>"; };
		74F6BD2E1909781B0093F1F7 /* ZCREasyRecipe.m */ = {isa = PBXFileReference; fileEncoding = 4; lastKnownFileType = sourcecode.c.objc; path = ZCREasyRecipe.m; sourceTree = "<group>"; };
		74F6BD31190985C20093F1F7 /* ZCREasyError.h */ = {isa = PBXFileReference; fileEncoding = 4; lastKnownFileType = sourcecode.c.h; path = ZCREasyError.h; sourceTree = "<group>"; };
		74F6BD32190985C20093F1F7 /* ZCREasyError.m */ = {isa = PBXFileReference; fileEncoding = 4; lastKnownFileType = sourcecode.c.objc; path = ZCREasyError.m; sourceTree = "<group>"; };
		74F6BD351909DADE0093F1F7 /* ZCREasyRecipeTests.m */ = {isa = PBXFileReference; fileEncoding = 4; lastKnownFileType = sourcecode.c.objc; path = ZCREasyRecipeTests.m; sourceTree = "<group>"; };
		74F6BD371909DAE80093F1F7 /* ZCREasyRecipeBoxTests.m */ = {isa = PBXFileReference; fileEncoding = 4; lastKnownFileType = sourcecode.c.objc; path = ZCREasyRecipeBoxTests.m; sourceTree = "<group>"; };
		74F6BD391909DAF40093F1F7 /* ZCREasyDoughErrorTests.m */ = {isa = PBXFileReference; fileEncoding = 4; lastKnownFileType = sourcecode.c.objc; path = ZCREasyDoughErrorTests.m; sourceTree = "<group>"; };
/* End PBXFileReference section */

/* Begin PBXFrameworksBuildPhase section */
		166B666F191AA41100CAAB0E /* Frameworks */ = {
			isa = PBXFrameworksBuildPhase;
			buildActionMask = 2147483647;
			files = (
				166B6673191AA41200CAAB0E /* XCTest.framework in Frameworks */,
				166B6675191AA41200CAAB0E /* UIKit.framework in Frameworks */,
				166B6674191AA41200CAAB0E /* Foundation.framework in Frameworks */,
			);
			runOnlyForDeploymentPostprocessing = 0;
		};
		166B6691191AA48C00CAAB0E /* Frameworks */ = {
			isa = PBXFrameworksBuildPhase;
			buildActionMask = 2147483647;
			files = (
				166B6695191AA48C00CAAB0E /* XCTest.framework in Frameworks */,
			);
			runOnlyForDeploymentPostprocessing = 0;
		};
		16ADF09618F5E2F700BF0852 /* Frameworks */ = {
			isa = PBXFrameworksBuildPhase;
			buildActionMask = 2147483647;
			files = (
				16ADF09D18F5E2F900BF0852 /* Foundation.framework in Frameworks */,
			);
			runOnlyForDeploymentPostprocessing = 0;
		};
/* End PBXFrameworksBuildPhase section */

/* Begin PBXGroup section */
		166B6676191AA41200CAAB0E /* ZCREasyBakeTests-iOS */ = {
			isa = PBXGroup;
			children = (
				166B6678191AA41200CAAB0E /* ZCREasyBakeTests-iOS-Info.plist */,
				166B6679191AA41200CAAB0E /* InfoPlist.strings */,
			);
			path = "ZCREasyBakeTests-iOS";
			sourceTree = "<group>";
		};
		166B6696191AA48C00CAAB0E /* ZCREasyBakeTests-OSX */ = {
			isa = PBXGroup;
			children = (
				166B6698191AA48C00CAAB0E /* ZCREasyBakeTests-OSX-Info.plist */,
				166B6699191AA48C00CAAB0E /* InfoPlist.strings */,
			);
			path = "ZCREasyBakeTests-OSX";
			sourceTree = "<group>";
		};
		16ADF09018F5E2F700BF0852 = {
			isa = PBXGroup;
			children = (
				16ADF09E18F5E2F900BF0852 /* Classes */,
				16ADF0B218F5E2F900BF0852 /* Tests */,
				16ADF09B18F5E2F900BF0852 /* Frameworks */,
				16ADF09A18F5E2F900BF0852 /* Products */,
			);
			sourceTree = "<group>";
		};
		16ADF09A18F5E2F900BF0852 /* Products */ = {
			isa = PBXGroup;
			children = (
				16ADF09918F5E2F900BF0852 /* libZCREasyBake.a */,
				166B6672191AA41100CAAB0E /* ZCREasyBakeTests-iOS.xctest */,
				166B6694191AA48C00CAAB0E /* ZCREasyBakeTests-OSX.xctest */,
			);
			name = Products;
			sourceTree = "<group>";
		};
		16ADF09B18F5E2F900BF0852 /* Frameworks */ = {
			isa = PBXGroup;
			children = (
				74B6FE7918FDF487005D4A34 /* SenTestingKit.framework */,
				16ADF09C18F5E2F900BF0852 /* Foundation.framework */,
				16ADF0AA18F5E2F900BF0852 /* XCTest.framework */,
				16ADF0AD18F5E2F900BF0852 /* UIKit.framework */,
				74B6FE5F18FDEE8A005D4A34 /* SenTestingKit.framework */,
			);
			name = Frameworks;
			sourceTree = "<group>";
		};
		16ADF09E18F5E2F900BF0852 /* Classes */ = {
			isa = PBXGroup;
			children = (
				16ADF0A118F5E2F900BF0852 /* ZCREasyBake.h */,
				74F6BD31190985C20093F1F7 /* ZCREasyError.h */,
				74F6BD32190985C20093F1F7 /* ZCREasyError.m */,
				16ADF0C918F5EB6500BF0852 /* ZCREasyProperty.h */,
				16ADF0CA18F5EB6500BF0852 /* ZCREasyProperty.m */,
				74F6BD2D1909781B0093F1F7 /* ZCREasyRecipe.h */,
				74F6BD2E1909781B0093F1F7 /* ZCREasyRecipe.m */,
				16ADF0C218F5E40D00BF0852 /* ZCREasyDough.h */,
				16ADF0C318F5E40D00BF0852 /* ZCREasyDough.m */,
			);
			path = Classes;
			sourceTree = "<group>";
		};
		16ADF0B218F5E2F900BF0852 /* Tests */ = {
			isa = PBXGroup;
			children = (
				16836DD018F8B32200FD86D5 /* ZCREasyPropertyTests.m */,
				74F6BD351909DADE0093F1F7 /* ZCREasyRecipeTests.m */,
				74F6BD371909DAE80093F1F7 /* ZCREasyRecipeBoxTests.m */,
				16836DD218F8B33300FD86D5 /* ZCREasyDoughTests.m */,
				74F6BD391909DAF40093F1F7 /* ZCREasyDoughErrorTests.m */,
				166B6676191AA41200CAAB0E /* ZCREasyBakeTests-iOS */,
				166B6696191AA48C00CAAB0E /* ZCREasyBakeTests-OSX */,
			);
			path = Tests;
			sourceTree = "<group>";
		};
/* End PBXGroup section */

/* Begin PBXHeadersBuildPhase section */
		16146A4718FC5980008C0EE9 /* Headers */ = {
			isa = PBXHeadersBuildPhase;
			buildActionMask = 2147483647;
			files = (
				16146A4818FC5997008C0EE9 /* ZCREasyBake.h in Headers */,
				16146A4918FC5997008C0EE9 /* ZCREasyProperty.h in Headers */,
				74F6BD33190985C20093F1F7 /* ZCREasyError.h in Headers */,
				74F6BD2F1909781B0093F1F7 /* ZCREasyRecipe.h in Headers */,
				16146A4A18FC5997008C0EE9 /* ZCREasyDough.h in Headers */,
			);
			runOnlyForDeploymentPostprocessing = 0;
		};
/* End PBXHeadersBuildPhase section */

/* Begin PBXNativeTarget section */
		166B6671191AA41100CAAB0E /* ZCREasyBakeTests-iOS */ = {
			isa = PBXNativeTarget;
			buildConfigurationList = 166B6681191AA41200CAAB0E /* Build configuration list for PBXNativeTarget "ZCREasyBakeTests-iOS" */;
			buildPhases = (
				166B666E191AA41100CAAB0E /* Sources */,
				166B666F191AA41100CAAB0E /* Frameworks */,
				166B6670191AA41100CAAB0E /* Resources */,
			);
			buildRules = (
			);
			dependencies = (
			);
			name = "ZCREasyBakeTests-iOS";
			productName = "ZCREasyBakeTests-iOS";
			productReference = 166B6672191AA41100CAAB0E /* ZCREasyBakeTests-iOS.xctest */;
			productType = "com.apple.product-type.bundle.unit-test";
		};
		166B6693191AA48C00CAAB0E /* ZCREasyBakeTests-OSX */ = {
			isa = PBXNativeTarget;
			buildConfigurationList = 166B669F191AA48C00CAAB0E /* Build configuration list for PBXNativeTarget "ZCREasyBakeTests-OSX" */;
			buildPhases = (
				166B6690191AA48C00CAAB0E /* Sources */,
				166B6691191AA48C00CAAB0E /* Frameworks */,
				166B6692191AA48C00CAAB0E /* Resources */,
			);
			buildRules = (
			);
			dependencies = (
			);
			name = "ZCREasyBakeTests-OSX";
			productName = "ZCREasyBakeTests-OSX";
			productReference = 166B6694191AA48C00CAAB0E /* ZCREasyBakeTests-OSX.xctest */;
			productType = "com.apple.product-type.bundle.unit-test";
		};
		16ADF09818F5E2F700BF0852 /* ZCREasyBake */ = {
			isa = PBXNativeTarget;
			buildConfigurationList = 16ADF0BC18F5E2F900BF0852 /* Build configuration list for PBXNativeTarget "ZCREasyBake" */;
			buildPhases = (
				16ADF09518F5E2F700BF0852 /* Sources */,
				16ADF09618F5E2F700BF0852 /* Frameworks */,
				16146A4718FC5980008C0EE9 /* Headers */,
				16146A4B18FC59D9008C0EE9 /* Prepare Framework */,
			);
			buildRules = (
			);
			dependencies = (
			);
			name = ZCREasyBake;
			productName = ZCREasyBake;
			productReference = 16ADF09918F5E2F900BF0852 /* libZCREasyBake.a */;
			productType = "com.apple.product-type.library.static";
		};
/* End PBXNativeTarget section */

/* Begin PBXProject section */
		16ADF09118F5E2F700BF0852 /* Project object */ = {
			isa = PBXProject;
			attributes = {
				LastUpgradeCheck = 0510;
				ORGANIZATIONNAME = "Zach Radke";
			};
			buildConfigurationList = 16ADF09418F5E2F700BF0852 /* Build configuration list for PBXProject "ZCREasyBake" */;
			compatibilityVersion = "Xcode 3.2";
			developmentRegion = English;
			hasScannedForEncodings = 0;
			knownRegions = (
				en,
			);
			mainGroup = 16ADF09018F5E2F700BF0852;
			productRefGroup = 16ADF09A18F5E2F900BF0852 /* Products */;
			projectDirPath = "";
			projectRoot = "";
			targets = (
				16ADF09818F5E2F700BF0852 /* ZCREasyBake */,
				16146A4C18FC5A25008C0EE9 /* Framework */,
				166B6671191AA41100CAAB0E /* ZCREasyBakeTests-iOS */,
				166B6693191AA48C00CAAB0E /* ZCREasyBakeTests-OSX */,
			);
		};
/* End PBXProject section */

/* Begin PBXResourcesBuildPhase section */
		166B6670191AA41100CAAB0E /* Resources */ = {
			isa = PBXResourcesBuildPhase;
			buildActionMask = 2147483647;
			files = (
				166B667B191AA41200CAAB0E /* InfoPlist.strings in Resources */,
			);
			runOnlyForDeploymentPostprocessing = 0;
		};
		166B6692191AA48C00CAAB0E /* Resources */ = {
			isa = PBXResourcesBuildPhase;
			buildActionMask = 2147483647;
			files = (
				166B669B191AA48C00CAAB0E /* InfoPlist.strings in Resources */,
			);
			runOnlyForDeploymentPostprocessing = 0;
		};
/* End PBXResourcesBuildPhase section */

/* Begin PBXShellScriptBuildPhase section */
		16146A4B18FC59D9008C0EE9 /* Prepare Framework */ = {
			isa = PBXShellScriptBuildPhase;
			buildActionMask = 2147483647;
			files = (
			);
			inputPaths = (
			);
			name = "Prepare Framework";
			outputPaths = (
			);
			runOnlyForDeploymentPostprocessing = 0;
			shellPath = /bin/sh;
			shellScript = "set -e\n\nmkdir -p \"${BUILT_PRODUCTS_DIR}/${PRODUCT_NAME}.framework/Versions/A/Headers\"\n\n# Link the \"Current\" version to \"A\"\n/bin/ln -sfh A \"${BUILT_PRODUCTS_DIR}/${PRODUCT_NAME}.framework/Versions/Current\"\n/bin/ln -sfh Versions/Current/Headers \"${BUILT_PRODUCTS_DIR}/${PRODUCT_NAME}.framework/Headers\"\n/bin/ln -sfh \"Versions/Current/${PRODUCT_NAME}\" \"${BUILT_PRODUCTS_DIR}/${PRODUCT_NAME}.framework/${PRODUCT_NAME}\"\n\n# The -a ensures that the headers maintain the source modification date so that we don't constantly\n# cause propagating rebuilds of files that import these headers.\n/bin/cp -a \"${TARGET_BUILD_DIR}/${PUBLIC_HEADERS_FOLDER_PATH}/\" \"${BUILT_PRODUCTS_DIR}/${PRODUCT_NAME}.framework/Versions/A/Headers\"\n";
			showEnvVarsInLog = 0;
		};
		16146A5218FC5A36008C0EE9 /* Build Universal Framework */ = {
			isa = PBXShellScriptBuildPhase;
			buildActionMask = 2147483647;
			files = (
			);
			inputPaths = (
			);
			name = "Build Universal Framework";
			outputPaths = (
			);
			runOnlyForDeploymentPostprocessing = 0;
			shellPath = /bin/sh;
			shellScript = "set -e\nset +u\n# Avoid recursively calling this script.\nif [[ $SF_MASTER_SCRIPT_RUNNING ]]\nthen\nexit 0\nfi\nset -u\nexport SF_MASTER_SCRIPT_RUNNING=1\n\nSF_TARGET_NAME=${PROJECT_NAME}\nSF_EXECUTABLE_PATH=\"lib${SF_TARGET_NAME}.a\"\nSF_WRAPPER_NAME=\"${SF_TARGET_NAME}.framework\"\n\n# The following conditionals come from\n# https://github.com/kstenerud/iOS-Universal-Framework\n\nif [[ \"$SDK_NAME\" =~ ([A-Za-z]+) ]]\nthen\nSF_SDK_PLATFORM=${BASH_REMATCH[1]}\nelse\necho \"Could not find platform name from SDK_NAME: $SDK_NAME\"\nexit 1\nfi\n\nif [[ \"$SDK_NAME\" =~ ([0-9]+.*$) ]]\nthen\nSF_SDK_VERSION=${BASH_REMATCH[1]}\nelse\necho \"Could not find sdk version from SDK_NAME: $SDK_NAME\"\nexit 1\nfi\n\nif [[ \"$SF_SDK_PLATFORM\" = \"iphoneos\" ]]\nthen\nSF_OTHER_PLATFORM=iphonesimulator\nelse\nSF_OTHER_PLATFORM=iphoneos\nfi\n\nif [[ \"$BUILT_PRODUCTS_DIR\" =~ (.*)$SF_SDK_PLATFORM$ ]]\nthen\nSF_OTHER_BUILT_PRODUCTS_DIR=\"${BASH_REMATCH[1]}${SF_OTHER_PLATFORM}\"\nelse\necho \"Could not find platform name from build products directory: $BUILT_PRODUCTS_DIR\"\nexit 1\nfi\n\n# Build the other platform.\nxcrun xcodebuild -project \"${PROJECT_FILE_PATH}\" -target \"${TARGET_NAME}\" -configuration \"${CONFIGURATION}\" -sdk ${SF_OTHER_PLATFORM}${SF_SDK_VERSION} BUILD_DIR=\"${BUILD_DIR}\" OBJROOT=\"${OBJROOT}\" BUILD_ROOT=\"${BUILD_ROOT}\" SYMROOT=\"${SYMROOT}\" $ACTION\n\n# Smash the two static libraries into one fat binary and store it in the .framework\nxcrun lipo -create \"${BUILT_PRODUCTS_DIR}/${SF_EXECUTABLE_PATH}\" \"${SF_OTHER_BUILT_PRODUCTS_DIR}/${SF_EXECUTABLE_PATH}\" -output \"${BUILT_PRODUCTS_DIR}/${SF_WRAPPER_NAME}/Versions/A/${SF_TARGET_NAME}\"\n\n# Copy the binary to the other architecture folder to have a complete framework in both.\ncp -a \"${BUILT_PRODUCTS_DIR}/${SF_WRAPPER_NAME}/Versions/A/${SF_TARGET_NAME}\" \"${SF_OTHER_BUILT_PRODUCTS_DIR}/${SF_WRAPPER_NAME}/Versions/A/${SF_TARGET_NAME}\"\n";
			showEnvVarsInLog = 0;
		};
/* End PBXShellScriptBuildPhase section */

/* Begin PBXSourcesBuildPhase section */
		166B666E191AA41100CAAB0E /* Sources */ = {
			isa = PBXSourcesBuildPhase;
			buildActionMask = 2147483647;
			files = (
				166B66B8191AA66B00CAAB0E /* ZCREasyError.m in Sources */,
				166B66BA191AA66B00CAAB0E /* ZCREasyProperty.m in Sources */,
				166B66BC191AA66B00CAAB0E /* ZCREasyRecipe.m in Sources */,
				166B66BE191AA66B00CAAB0E /* ZCREasyDough.m in Sources */,
				166B6682191AA45600CAAB0E /* ZCREasyPropertyTests.m in Sources */,
				166B6683191AA45600CAAB0E /* ZCREasyRecipeTests.m in Sources */,
				166B6684191AA45600CAAB0E /* ZCREasyRecipeBoxTests.m in Sources */,
				166B6685191AA45600CAAB0E /* ZCREasyDoughTests.m in Sources */,
				166B6686191AA45600CAAB0E /* ZCREasyDoughErrorTests.m in Sources */,
			);
			runOnlyForDeploymentPostprocessing = 0;
		};
		166B6690191AA48C00CAAB0E /* Sources */ = {
			isa = PBXSourcesBuildPhase;
			buildActionMask = 2147483647;
			files = (
				166B66AF191AA64E00CAAB0E /* ZCREasyError.m in Sources */,
				166B66B1191AA64E00CAAB0E /* ZCREasyProperty.m in Sources */,
				166B66B3191AA64E00CAAB0E /* ZCREasyRecipe.m in Sources */,
				166B66B5191AA64E00CAAB0E /* ZCREasyDough.m in Sources */,
				166B66A2191AA4BA00CAAB0E /* ZCREasyPropertyTests.m in Sources */,
				166B66A3191AA4BA00CAAB0E /* ZCREasyRecipeTests.m in Sources */,
				166B66A4191AA4BA00CAAB0E /* ZCREasyRecipeBoxTests.m in Sources */,
				166B66A5191AA4BA00CAAB0E /* ZCREasyDoughTests.m in Sources */,
				166B66A6191AA4BA00CAAB0E /* ZCREasyDoughErrorTests.m in Sources */,
			);
			runOnlyForDeploymentPostprocessing = 0;
		};
		16ADF09518F5E2F700BF0852 /* Sources */ = {
			isa = PBXSourcesBuildPhase;
			buildActionMask = 2147483647;
			files = (
				74F6BD34190985C20093F1F7 /* ZCREasyError.m in Sources */,
				16ADF0C418F5E40D00BF0852 /* ZCREasyDough.m in Sources */,
				74F6BD301909781B0093F1F7 /* ZCREasyRecipe.m in Sources */,
				16ADF0CB18F5EB6500BF0852 /* ZCREasyProperty.m in Sources */,
			);
			runOnlyForDeploymentPostprocessing = 0;
		};
/* End PBXSourcesBuildPhase section */

/* Begin PBXTargetDependency section */
		16146A5118FC5A31008C0EE9 /* PBXTargetDependency */ = {
			isa = PBXTargetDependency;
			target = 16ADF09818F5E2F700BF0852 /* ZCREasyBake */;
			targetProxy = 16146A5018FC5A31008C0EE9 /* PBXContainerItemProxy */;
		};
/* End PBXTargetDependency section */

/* Begin PBXVariantGroup section */
		166B6679191AA41200CAAB0E /* InfoPlist.strings */ = {
			isa = PBXVariantGroup;
			children = (
				166B667A191AA41200CAAB0E /* en */,
			);
			name = InfoPlist.strings;
			sourceTree = "<group>";
		};
		166B6699191AA48C00CAAB0E /* InfoPlist.strings */ = {
			isa = PBXVariantGroup;
			children = (
				166B669A191AA48C00CAAB0E /* en */,
			);
			name = InfoPlist.strings;
			sourceTree = "<group>";
		};
/* End PBXVariantGroup section */

/* Begin XCBuildConfiguration section */
		16146A4E18FC5A25008C0EE9 /* Debug */ = {
			isa = XCBuildConfiguration;
			buildSettings = {
				PRODUCT_NAME = "$(TARGET_NAME)";
			};
			name = Debug;
		};
		16146A4F18FC5A25008C0EE9 /* Release */ = {
			isa = XCBuildConfiguration;
			buildSettings = {
				PRODUCT_NAME = "$(TARGET_NAME)";
			};
			name = Release;
		};
		166B667F191AA41200CAAB0E /* Debug */ = {
			isa = XCBuildConfiguration;
			buildSettings = {
				FRAMEWORK_SEARCH_PATHS = (
					"$(SDKROOT)/Developer/Library/Frameworks",
					"$(inherited)",
					"$(DEVELOPER_FRAMEWORKS_DIR)",
				);
				GCC_PRECOMPILE_PREFIX_HEADER = NO;
				GCC_PREPROCESSOR_DEFINITIONS = (
					"DEBUG=1",
					"$(inherited)",
				);
				INFOPLIST_FILE = "Tests/ZCREasyBakeTests-iOS/ZCREasyBakeTests-iOS-Info.plist";
				IPHONEOS_DEPLOYMENT_TARGET = 7.0;
				PRODUCT_NAME = "$(TARGET_NAME)";
				TARGETED_DEVICE_FAMILY = "1,2";
				WRAPPER_EXTENSION = xctest;
			};
			name = Debug;
		};
		166B6680191AA41200CAAB0E /* Release */ = {
			isa = XCBuildConfiguration;
			buildSettings = {
				FRAMEWORK_SEARCH_PATHS = (
					"$(SDKROOT)/Developer/Library/Frameworks",
					"$(inherited)",
					"$(DEVELOPER_FRAMEWORKS_DIR)",
				);
				GCC_PRECOMPILE_PREFIX_HEADER = NO;
				INFOPLIST_FILE = "Tests/ZCREasyBakeTests-iOS/ZCREasyBakeTests-iOS-Info.plist";
				IPHONEOS_DEPLOYMENT_TARGET = 7.0;
				PRODUCT_NAME = "$(TARGET_NAME)";
				TARGETED_DEVICE_FAMILY = "1,2";
				WRAPPER_EXTENSION = xctest;
			};
			name = Release;
		};
		166B66A0191AA48C00CAAB0E /* Debug */ = {
			isa = XCBuildConfiguration;
			buildSettings = {
				FRAMEWORK_SEARCH_PATHS = (
					"$(DEVELOPER_FRAMEWORKS_DIR)",
					"$(inherited)",
				);
				GCC_ENABLE_OBJC_EXCEPTIONS = YES;
				GCC_PRECOMPILE_PREFIX_HEADER = NO;
				GCC_PREPROCESSOR_DEFINITIONS = (
					"DEBUG=1",
					"$(inherited)",
				);
				INFOPLIST_FILE = "Tests/ZCREasyBakeTests-OSX/ZCREasyBakeTests-OSX-Info.plist";
				MACOSX_DEPLOYMENT_TARGET = 10.8;
				PRODUCT_NAME = "$(TARGET_NAME)";
				SDKROOT = macosx;
				WRAPPER_EXTENSION = xctest;
			};
			name = Debug;
		};
		166B66A1191AA48C00CAAB0E /* Release */ = {
			isa = XCBuildConfiguration;
			buildSettings = {
				DEBUG_INFORMATION_FORMAT = "dwarf-with-dsym";
				FRAMEWORK_SEARCH_PATHS = (
					"$(DEVELOPER_FRAMEWORKS_DIR)",
					"$(inherited)",
				);
				GCC_ENABLE_OBJC_EXCEPTIONS = YES;
				GCC_PRECOMPILE_PREFIX_HEADER = NO;
				INFOPLIST_FILE = "Tests/ZCREasyBakeTests-OSX/ZCREasyBakeTests-OSX-Info.plist";
				MACOSX_DEPLOYMENT_TARGET = 10.8;
				PRODUCT_NAME = "$(TARGET_NAME)";
				SDKROOT = macosx;
				WRAPPER_EXTENSION = xctest;
			};
			name = Release;
		};
		16ADF0BA18F5E2F900BF0852 /* Debug */ = {
			isa = XCBuildConfiguration;
			buildSettings = {
				ALWAYS_SEARCH_USER_PATHS = NO;
				CLANG_CXX_LANGUAGE_STANDARD = "gnu++0x";
				CLANG_CXX_LIBRARY = "libc++";
				CLANG_ENABLE_MODULES = YES;
				CLANG_ENABLE_OBJC_ARC = YES;
				CLANG_WARN_BOOL_CONVERSION = YES;
				CLANG_WARN_CONSTANT_CONVERSION = YES;
				CLANG_WARN_DIRECT_OBJC_ISA_USAGE = YES_ERROR;
				CLANG_WARN_EMPTY_BODY = YES;
				CLANG_WARN_ENUM_CONVERSION = YES;
				CLANG_WARN_INT_CONVERSION = YES;
				CLANG_WARN_OBJC_ROOT_CLASS = YES_ERROR;
				CLANG_WARN__DUPLICATE_METHOD_MATCH = YES;
				COPY_PHASE_STRIP = NO;
				GCC_C_LANGUAGE_STANDARD = gnu99;
				GCC_DYNAMIC_NO_PIC = NO;
				GCC_OPTIMIZATION_LEVEL = 0;
				GCC_PREPROCESSOR_DEFINITIONS = (
					"DEBUG=1",
					"$(inherited)",
				);
				GCC_SYMBOLS_PRIVATE_EXTERN = NO;
				GCC_WARN_64_TO_32_BIT_CONVERSION = YES;
				GCC_WARN_ABOUT_RETURN_TYPE = YES_ERROR;
				GCC_WARN_UNDECLARED_SELECTOR = YES;
				GCC_WARN_UNINITIALIZED_AUTOS = YES_AGGRESSIVE;
				GCC_WARN_UNUSED_FUNCTION = YES;
				GCC_WARN_UNUSED_VARIABLE = YES;
				IPHONEOS_DEPLOYMENT_TARGET = 5.1;
				ONLY_ACTIVE_ARCH = YES;
				SDKROOT = iphoneos;
			};
			name = Debug;
		};
		16ADF0BB18F5E2F900BF0852 /* Release */ = {
			isa = XCBuildConfiguration;
			buildSettings = {
				ALWAYS_SEARCH_USER_PATHS = NO;
				CLANG_CXX_LANGUAGE_STANDARD = "gnu++0x";
				CLANG_CXX_LIBRARY = "libc++";
				CLANG_ENABLE_MODULES = YES;
				CLANG_ENABLE_OBJC_ARC = YES;
				CLANG_WARN_BOOL_CONVERSION = YES;
				CLANG_WARN_CONSTANT_CONVERSION = YES;
				CLANG_WARN_DIRECT_OBJC_ISA_USAGE = YES_ERROR;
				CLANG_WARN_EMPTY_BODY = YES;
				CLANG_WARN_ENUM_CONVERSION = YES;
				CLANG_WARN_INT_CONVERSION = YES;
				CLANG_WARN_OBJC_ROOT_CLASS = YES_ERROR;
				CLANG_WARN__DUPLICATE_METHOD_MATCH = YES;
				COPY_PHASE_STRIP = YES;
				ENABLE_NS_ASSERTIONS = NO;
				GCC_C_LANGUAGE_STANDARD = gnu99;
				GCC_WARN_64_TO_32_BIT_CONVERSION = YES;
				GCC_WARN_ABOUT_RETURN_TYPE = YES_ERROR;
				GCC_WARN_UNDECLARED_SELECTOR = YES;
				GCC_WARN_UNINITIALIZED_AUTOS = YES_AGGRESSIVE;
				GCC_WARN_UNUSED_FUNCTION = YES;
				GCC_WARN_UNUSED_VARIABLE = YES;
				IPHONEOS_DEPLOYMENT_TARGET = 5.1;
				SDKROOT = iphoneos;
				VALIDATE_PRODUCT = YES;
			};
			name = Release;
		};
		16ADF0BD18F5E2F900BF0852 /* Debug */ = {
			isa = XCBuildConfiguration;
			buildSettings = {
				CLANG_WARN_OBJC_IMPLICIT_RETAIN_SELF = YES;
				CLANG_WARN_OBJC_REPEATED_USE_OF_WEAK = YES;
				COPY_PHASE_STRIP = NO;
				DEAD_CODE_STRIPPING = NO;
				DSTROOT = /tmp/ZCREasyBake.dst;
				GCC_PRECOMPILE_PREFIX_HEADER = NO;
				GCC_WARN_ABOUT_MISSING_NEWLINE = YES;
				GCC_WARN_SHADOW = YES;
				OTHER_LDFLAGS = "-ObjC";
				PRODUCT_NAME = "$(TARGET_NAME)";
				PUBLIC_HEADERS_FOLDER_PATH = "$(PROJECT_NAME)Headers";
				RUN_CLANG_STATIC_ANALYZER = YES;
				SKIP_INSTALL = YES;
				STRIP_STYLE = "non-global";
			};
			name = Debug;
		};
		16ADF0BE18F5E2F900BF0852 /* Release */ = {
			isa = XCBuildConfiguration;
			buildSettings = {
				CLANG_WARN_OBJC_IMPLICIT_RETAIN_SELF = YES;
				CLANG_WARN_OBJC_REPEATED_USE_OF_WEAK = YES;
				COPY_PHASE_STRIP = NO;
				DEAD_CODE_STRIPPING = NO;
				DSTROOT = /tmp/ZCREasyBake.dst;
				GCC_PRECOMPILE_PREFIX_HEADER = NO;
				GCC_WARN_ABOUT_MISSING_NEWLINE = YES;
				GCC_WARN_SHADOW = YES;
				OTHER_LDFLAGS = "-ObjC";
				PRODUCT_NAME = "$(TARGET_NAME)";
				PUBLIC_HEADERS_FOLDER_PATH = "$(PROJECT_NAME)Headers";
				RUN_CLANG_STATIC_ANALYZER = YES;
				SKIP_INSTALL = YES;
				STRIP_STYLE = "non-global";
			};
			name = Release;
		};
/* End XCBuildConfiguration section */

/* Begin XCConfigurationList section */
		16146A4D18FC5A25008C0EE9 /* Build configuration list for PBXAggregateTarget "Framework" */ = {
			isa = XCConfigurationList;
			buildConfigurations = (
				16146A4E18FC5A25008C0EE9 /* Debug */,
				16146A4F18FC5A25008C0EE9 /* Release */,
			);
			defaultConfigurationIsVisible = 0;
			defaultConfigurationName = Release;
		};
		166B6681191AA41200CAAB0E /* Build configuration list for PBXNativeTarget "ZCREasyBakeTests-iOS" */ = {
			isa = XCConfigurationList;
			buildConfigurations = (
				166B667F191AA41200CAAB0E /* Debug */,
				166B6680191AA41200CAAB0E /* Release */,
			);
			defaultConfigurationIsVisible = 0;
		};
		166B669F191AA48C00CAAB0E /* Build configuration list for PBXNativeTarget "ZCREasyBakeTests-OSX" */ = {
			isa = XCConfigurationList;
			buildConfigurations = (
				166B66A0191AA48C00CAAB0E /* Debug */,
				166B66A1191AA48C00CAAB0E /* Release */,
			);
			defaultConfigurationIsVisible = 0;
		};
		16ADF09418F5E2F700BF0852 /* Build configuration list for PBXProject "ZCREasyBake" */ = {
			isa = XCConfigurationList;
			buildConfigurations = (
				16ADF0BA18F5E2F900BF0852 /* Debug */,
				16ADF0BB18F5E2F900BF0852 /* Release */,
			);
			defaultConfigurationIsVisible = 0;
			defaultConfigurationName = Release;
		};
		16ADF0BC18F5E2F900BF0852 /* Build configuration list for PBXNativeTarget "ZCREasyBake" */ = {
			isa = XCConfigurationList;
			buildConfigurations = (
				16ADF0BD18F5E2F900BF0852 /* Debug */,
				16ADF0BE18F5E2F900BF0852 /* Release */,
			);
			defaultConfigurationIsVisible = 0;
			defaultConfigurationName = Release;
		};
/* End XCConfigurationList section */
	};
	rootObject = 16ADF09118F5E2F700BF0852 /* Project object */;
}
